
Microsoft Visual Studio Solution File, Format Version 12.00
# Visual Studio Version 16
VisualStudioVersion = 16.0.32126.315
MinimumVisualStudioVersion = 10.0.40219.1
Project("{FAE04EC0-301F-11D3-BF4B-00C04F79EFBC}") = "POEPart2", "POEPart2.csproj", "{27314666-FB27-4531-9E9F-4130B35EC138}"
EndProject
Global
	GlobalSection(SolutionConfigurationPlatforms) = preSolution
		Debug|Any CPU = Debug|Any CPU
		Release|Any CPU = Release|Any CPU
	EndGlobalSection
	GlobalSection(ProjectConfigurationPlatforms) = postSolution
		{27314666-FB27-4531-9E9F-4130B35EC138}.Debug|Any CPU.ActiveCfg = Debug|Any CPU
		{27314666-FB27-4531-9E9F-4130B35EC138}.Debug|Any CPU.Build.0 = Debug|Any CPU
		{27314666-FB27-4531-9E9F-4130B35EC138}.Release|Any CPU.ActiveCfg = Release|Any CPU
		{27314666-FB27-4531-9E9F-4130B35EC138}.Release|Any CPU.Build.0 = Release|Any CPU
	EndGlobalSection
	GlobalSection(SolutionProperties) = preSolution
		HideSolutionNode = FALSE
	EndGlobalSection
	GlobalSection(ExtensibilityGlobals) = postSolution
		SolutionGuid = {B4EF7289-BA71-4238-9392-A83BA0CF36CC}
	EndGlobalSection
EndGlobal
